// !$*UTF8*$!
{
	archiveVersion = 1;
	classes = {
	};
	objectVersion = 46;
	objects = {

/* Begin PBXBuildFile section */
		80523FC91977948200717C59 /* Card.m in Sources */ = {isa = PBXBuildFile; fileRef = 80523FC81977948200717C59 /* Card.m */; };
		8052400E1977A05000717C59 /* PlayingCard.m in Sources */ = {isa = PBXBuildFile; fileRef = 8052400D1977A05000717C59 /* PlayingCard.m */; };
		805240111977A59200717C59 /* Deck.m in Sources */ = {isa = PBXBuildFile; fileRef = 805240101977A59200717C59 /* Deck.m */; };
		805240141977A85D00717C59 /* PlayingCardDeck.m in Sources */ = {isa = PBXBuildFile; fileRef = 805240131977A85D00717C59 /* PlayingCardDeck.m */; };
		80D6A4941977670C008E5221 /* Foundation.framework in Frameworks */ = {isa = PBXBuildFile; fileRef = 80D6A4931977670C008E5221 /* Foundation.framework */; };
		80D6A4961977670C008E5221 /* CoreGraphics.framework in Frameworks */ = {isa = PBXBuildFile; fileRef = 80D6A4951977670C008E5221 /* CoreGraphics.framework */; };
		80D6A4981977670C008E5221 /* UIKit.framework in Frameworks */ = {isa = PBXBuildFile; fileRef = 80D6A4971977670C008E5221 /* UIKit.framework */; };
		80D6A49E1977670C008E5221 /* InfoPlist.strings in Resources */ = {isa = PBXBuildFile; fileRef = 80D6A49C1977670C008E5221 /* InfoPlist.strings */; };
		80D6A4A01977670C008E5221 /* main.m in Sources */ = {isa = PBXBuildFile; fileRef = 80D6A49F1977670C008E5221 /* main.m */; };
		80D6A4A41977670C008E5221 /* cardGameAppDelegate.m in Sources */ = {isa = PBXBuildFile; fileRef = 80D6A4A31977670C008E5221 /* cardGameAppDelegate.m */; };
		80D6A4A71977670C008E5221 /* Main.storyboard in Resources */ = {isa = PBXBuildFile; fileRef = 80D6A4A51977670C008E5221 /* Main.storyboard */; };
		80D6A4AA1977670C008E5221 /* CardGameViewController.m in Sources */ = {isa = PBXBuildFile; fileRef = 80D6A4A91977670C008E5221 /* CardGameViewController.m */; };
		80D6A4AC1977670C008E5221 /* Images.xcassets in Resources */ = {isa = PBXBuildFile; fileRef = 80D6A4AB1977670C008E5221 /* Images.xcassets */; };
		80D6A4B31977670C008E5221 /* XCTest.framework in Frameworks */ = {isa = PBXBuildFile; fileRef = 80D6A4B21977670C008E5221 /* XCTest.framework */; };
		80D6A4B41977670C008E5221 /* Foundation.framework in Frameworks */ = {isa = PBXBuildFile; fileRef = 80D6A4931977670C008E5221 /* Foundation.framework */; };
		80D6A4B51977670C008E5221 /* UIKit.framework in Frameworks */ = {isa = PBXBuildFile; fileRef = 80D6A4971977670C008E5221 /* UIKit.framework */; };
		80D6A4BD1977670C008E5221 /* InfoPlist.strings in Resources */ = {isa = PBXBuildFile; fileRef = 80D6A4BB1977670C008E5221 /* InfoPlist.strings */; };
		80D6A4BF1977670C008E5221 /* Homework_1Tests.m in Sources */ = {isa = PBXBuildFile; fileRef = 80D6A4BE1977670C008E5221 /* Homework_1Tests.m */; };
/* End PBXBuildFile section */

/* Begin PBXContainerItemProxy section */
		80D6A4B61977670C008E5221 /* PBXContainerItemProxy */ = {
			isa = PBXContainerItemProxy;
			containerPortal = 80D6A4881977670C008E5221 /* Project object */;
			proxyType = 1;
			remoteGlobalIDString = 80D6A48F1977670C008E5221;
			remoteInfo = Homework.1;
		};
/* End PBXContainerItemProxy section */

/* Begin PBXFileReference section */
		80523FC71977948200717C59 /* Card.h */ = {isa = PBXFileReference; fileEncoding = 4; lastKnownFileType = sourcecode.c.h; name = Card.h; path = Model/Card.h; sourceTree = "<group>"; };
		80523FC81977948200717C59 /* Card.m */ = {isa = PBXFileReference; fileEncoding = 4; lastKnownFileType = sourcecode.c.objc; name = Card.m; path = Model/Card.m; sourceTree = "<group>"; };
		8052400C1977A05000717C59 /* PlayingCard.h */ = {isa = PBXFileReference; fileEncoding = 4; lastKnownFileType = sourcecode.c.h; name = PlayingCard.h; path = Model/PlayingCard.h; sourceTree = "<group>"; };
		8052400D1977A05000717C59 /* PlayingCard.m */ = {isa = PBXFileReference; fileEncoding = 4; lastKnownFileType = sourcecode.c.objc; name = PlayingCard.m; path = Model/PlayingCard.m; sourceTree = "<group>"; };
		8052400F1977A59200717C59 /* Deck.h */ = {isa = PBXFileReference; fileEncoding = 4; lastKnownFileType = sourcecode.c.h; name = Deck.h; path = Model/Deck.h; sourceTree = "<group>"; };
		805240101977A59200717C59 /* Deck.m */ = {isa = PBXFileReference; fileEncoding = 4; lastKnownFileType = sourcecode.c.objc; name = Deck.m; path = Model/Deck.m; sourceTree = "<group>"; };
		805240121977A85D00717C59 /* PlayingCardDeck.h */ = {isa = PBXFileReference; fileEncoding = 4; lastKnownFileType = sourcecode.c.h; name = PlayingCardDeck.h; path = Model/PlayingCardDeck.h; sourceTree = "<group>"; };
		805240131977A85D00717C59 /* PlayingCardDeck.m */ = {isa = PBXFileReference; fileEncoding = 4; lastKnownFileType = sourcecode.c.objc; name = PlayingCardDeck.m; path = Model/PlayingCardDeck.m; sourceTree = "<group>"; };
		80D6A4901977670C008E5221 /* Homework.1.app */ = {isa = PBXFileReference; explicitFileType = wrapper.application; includeInIndex = 0; path = Homework.1.app; sourceTree = BUILT_PRODUCTS_DIR; };
		80D6A4931977670C008E5221 /* Foundation.framework */ = {isa = PBXFileReference; lastKnownFileType = wrapper.framework; name = Foundation.framework; path = System/Library/Frameworks/Foundation.framework; sourceTree = SDKROOT; };
		80D6A4951977670C008E5221 /* CoreGraphics.framework */ = {isa = PBXFileReference; lastKnownFileType = wrapper.framework; name = CoreGraphics.framework; path = System/Library/Frameworks/CoreGraphics.framework; sourceTree = SDKROOT; };
		80D6A4971977670C008E5221 /* UIKit.framework */ = {isa = PBXFileReference; lastKnownFileType = wrapper.framework; name = UIKit.framework; path = System/Library/Frameworks/UIKit.framework; sourceTree = SDKROOT; };
		80D6A49B1977670C008E5221 /* Homework.1-Info.plist */ = {isa = PBXFileReference; lastKnownFileType = text.plist.xml; path = "Homework.1-Info.plist"; sourceTree = "<group>"; };
		80D6A49D1977670C008E5221 /* en */ = {isa = PBXFileReference; lastKnownFileType = text.plist.strings; name = en; path = en.lproj/InfoPlist.strings; sourceTree = "<group>"; };
		80D6A49F1977670C008E5221 /* main.m */ = {isa = PBXFileReference; lastKnownFileType = sourcecode.c.objc; path = main.m; sourceTree = "<group>"; };
		80D6A4A11977670C008E5221 /* Homework.1-Prefix.pch */ = {isa = PBXFileReference; lastKnownFileType = sourcecode.c.h; path = "Homework.1-Prefix.pch"; sourceTree = "<group>"; };
		80D6A4A21977670C008E5221 /* cardGameAppDelegate.h */ = {isa = PBXFileReference; lastKnownFileType = sourcecode.c.h; path = cardGameAppDelegate.h; sourceTree = "<group>"; };
		80D6A4A31977670C008E5221 /* cardGameAppDelegate.m */ = {isa = PBXFileReference; lastKnownFileType = sourcecode.c.objc; path = cardGameAppDelegate.m; sourceTree = "<group>"; };
		80D6A4A61977670C008E5221 /* Base */ = {isa = PBXFileReference; lastKnownFileType = file.storyboard; name = Base; path = Base.lproj/Main.storyboard; sourceTree = "<group>"; };
		80D6A4A81977670C008E5221 /* CardGameViewController.h */ = {isa = PBXFileReference; lastKnownFileType = sourcecode.c.h; path = CardGameViewController.h; sourceTree = "<group>"; };
		80D6A4A91977670C008E5221 /* CardGameViewController.m */ = {isa = PBXFileReference; lastKnownFileType = sourcecode.c.objc; path = CardGameViewController.m; sourceTree = "<group>"; };
		80D6A4AB1977670C008E5221 /* Images.xcassets */ = {isa = PBXFileReference; lastKnownFileType = folder.assetcatalog; path = Images.xcassets; sourceTree = "<group>"; };
		80D6A4B11977670C008E5221 /* Homework.1Tests.xctest */ = {isa = PBXFileReference; explicitFileType = wrapper.cfbundle; includeInIndex = 0; path = Homework.1Tests.xctest; sourceTree = BUILT_PRODUCTS_DIR; };
		80D6A4B21977670C008E5221 /* XCTest.framework */ = {isa = PBXFileReference; lastKnownFileType = wrapper.framework; name = XCTest.framework; path = Library/Frameworks/XCTest.framework; sourceTree = DEVELOPER_DIR; };
		80D6A4BA1977670C008E5221 /* Homework.1Tests-Info.plist */ = {isa = PBXFileReference; lastKnownFileType = text.plist.xml; path = "Homework.1Tests-Info.plist"; sourceTree = "<group>"; };
		80D6A4BC1977670C008E5221 /* en */ = {isa = PBXFileReference; lastKnownFileType = text.plist.strings; name = en; path = en.lproj/InfoPlist.strings; sourceTree = "<group>"; };
		80D6A4BE1977670C008E5221 /* Homework_1Tests.m */ = {isa = PBXFileReference; lastKnownFileType = sourcecode.c.objc; path = Homework_1Tests.m; sourceTree = "<group>"; };
/* End PBXFileReference section */

/* Begin PBXFrameworksBuildPhase section */
		80D6A48D1977670C008E5221 /* Frameworks */ = {
			isa = PBXFrameworksBuildPhase;
			buildActionMask = 2147483647;
			files = (
				80D6A4961977670C008E5221 /* CoreGraphics.framework in Frameworks */,
				80D6A4981977670C008E5221 /* UIKit.framework in Frameworks */,
				80D6A4941977670C008E5221 /* Foundation.framework in Frameworks */,
			);
			runOnlyForDeploymentPostprocessing = 0;
		};
		80D6A4AE1977670C008E5221 /* Frameworks */ = {
			isa = PBXFrameworksBuildPhase;
			buildActionMask = 2147483647;
			files = (
				80D6A4B31977670C008E5221 /* XCTest.framework in Frameworks */,
				80D6A4B51977670C008E5221 /* UIKit.framework in Frameworks */,
				80D6A4B41977670C008E5221 /* Foundation.framework in Frameworks */,
			);
			runOnlyForDeploymentPostprocessing = 0;
		};
/* End PBXFrameworksBuildPhase section */

/* Begin PBXGroup section */
		80523FCA197794D100717C59 /* Model */ = {
			isa = PBXGroup;
			children = (
				80523FC71977948200717C59 /* Card.h */,
				80523FC81977948200717C59 /* Card.m */,
				8052400C1977A05000717C59 /* PlayingCard.h */,
				8052400D1977A05000717C59 /* PlayingCard.m */,
				8052400F1977A59200717C59 /* Deck.h */,
				805240101977A59200717C59 /* Deck.m */,
				805240121977A85D00717C59 /* PlayingCardDeck.h */,
				805240131977A85D00717C59 /* PlayingCardDeck.m */,
			);
			name = Model;
			sourceTree = "<group>";
		};
		80D6A4871977670C008E5221 = {
			isa = PBXGroup;
			children = (
				80D6A4991977670C008E5221 /* Homework.1 */,
				80D6A4B81977670C008E5221 /* Homework.1Tests */,
				80D6A4921977670C008E5221 /* Frameworks */,
				80D6A4911977670C008E5221 /* Products */,
			);
			sourceTree = "<group>";
		};
		80D6A4911977670C008E5221 /* Products */ = {
			isa = PBXGroup;
			children = (
				80D6A4901977670C008E5221 /* Homework.1.app */,
				80D6A4B11977670C008E5221 /* Homework.1Tests.xctest */,
			);
			name = Products;
			sourceTree = "<group>";
		};
		80D6A4921977670C008E5221 /* Frameworks */ = {
			isa = PBXGroup;
			children = (
				80D6A4931977670C008E5221 /* Foundation.framework */,
				80D6A4951977670C008E5221 /* CoreGraphics.framework */,
				80D6A4971977670C008E5221 /* UIKit.framework */,
				80D6A4B21977670C008E5221 /* XCTest.framework */,
			);
			name = Frameworks;
			sourceTree = "<group>";
		};
		80D6A4991977670C008E5221 /* Homework.1 */ = {
			isa = PBXGroup;
			children = (
				80D6A4A51977670C008E5221 /* Main.storyboard */,
				80523FCA197794D100717C59 /* Model */,
				80D6A4A81977670C008E5221 /* CardGameViewController.h */,
				80D6A4A91977670C008E5221 /* CardGameViewController.m */,
				80D6A4AB1977670C008E5221 /* Images.xcassets */,
				80D6A49A1977670C008E5221 /* Supporting Files */,
			);
			path = Homework.1;
			sourceTree = "<group>";
		};
		80D6A49A1977670C008E5221 /* Supporting Files */ = {
			isa = PBXGroup;
			children = (
				80D6A4A21977670C008E5221 /* cardGameAppDelegate.h */,
				80D6A4A31977670C008E5221 /* cardGameAppDelegate.m */,
				80D6A49B1977670C008E5221 /* Homework.1-Info.plist */,
				80D6A49C1977670C008E5221 /* InfoPlist.strings */,
				80D6A49F1977670C008E5221 /* main.m */,
				80D6A4A11977670C008E5221 /* Homework.1-Prefix.pch */,
			);
			name = "Supporting Files";
			sourceTree = "<group>";
		};
		80D6A4B81977670C008E5221 /* Homework.1Tests */ = {
			isa = PBXGroup;
			children = (
				80D6A4BE1977670C008E5221 /* Homework_1Tests.m */,
				80D6A4B91977670C008E5221 /* Supporting Files */,
			);
			path = Homework.1Tests;
			sourceTree = "<group>";
		};
		80D6A4B91977670C008E5221 /* Supporting Files */ = {
			isa = PBXGroup;
			children = (
				80D6A4BA1977670C008E5221 /* Homework.1Tests-Info.plist */,
				80D6A4BB1977670C008E5221 /* InfoPlist.strings */,
			);
			name = "Supporting Files";
			sourceTree = "<group>";
		};
/* End PBXGroup section */

/* Begin PBXNativeTarget section */
		80D6A48F1977670C008E5221 /* Homework.1 */ = {
			isa = PBXNativeTarget;
			buildConfigurationList = 80D6A4C21977670C008E5221 /* Build configuration list for PBXNativeTarget "Homework.1" */;
			buildPhases = (
				80D6A48C1977670C008E5221 /* Sources */,
				80D6A48D1977670C008E5221 /* Frameworks */,
				80D6A48E1977670C008E5221 /* Resources */,
			);
			buildRules = (
			);
			dependencies = (
			);
			name = Homework.1;
			productName = Homework.1;
			productReference = 80D6A4901977670C008E5221 /* Homework.1.app */;
			productType = "com.apple.product-type.application";
		};
		80D6A4B01977670C008E5221 /* Homework.1Tests */ = {
			isa = PBXNativeTarget;
			buildConfigurationList = 80D6A4C51977670C008E5221 /* Build configuration list for PBXNativeTarget "Homework.1Tests" */;
			buildPhases = (
				80D6A4AD1977670C008E5221 /* Sources */,
				80D6A4AE1977670C008E5221 /* Frameworks */,
				80D6A4AF1977670C008E5221 /* Resources */,
			);
			buildRules = (
			);
			dependencies = (
				80D6A4B71977670C008E5221 /* PBXTargetDependency */,
			);
			name = Homework.1Tests;
			productName = Homework.1Tests;
			productReference = 80D6A4B11977670C008E5221 /* Homework.1Tests.xctest */;
			productType = "com.apple.product-type.bundle.unit-test";
		};
/* End PBXNativeTarget section */

/* Begin PBXProject section */
		80D6A4881977670C008E5221 /* Project object */ = {
			isa = PBXProject;
			attributes = {
				CLASSPREFIX = cardGame;
				LastUpgradeCheck = 0510;
				ORGANIZATIONNAME = snow;
				TargetAttributes = {
					80D6A4B01977670C008E5221 = {
						TestTargetID = 80D6A48F1977670C008E5221;
					};
				};
			};
			buildConfigurationList = 80D6A48B1977670C008E5221 /* Build configuration list for PBXProject "Homework.1" */;
			compatibilityVersion = "Xcode 3.2";
			developmentRegion = English;
			hasScannedForEncodings = 0;
			knownRegions = (
				en,
				Base,
			);
			mainGroup = 80D6A4871977670C008E5221;
			productRefGroup = 80D6A4911977670C008E5221 /* Products */;
			projectDirPath = "";
			projectRoot = "";
			targets = (
				80D6A48F1977670C008E5221 /* Homework.1 */,
				80D6A4B01977670C008E5221 /* Homework.1Tests */,
			);
		};
/* End PBXProject section */

/* Begin PBXResourcesBuildPhase section */
		80D6A48E1977670C008E5221 /* Resources */ = {
			isa = PBXResourcesBuildPhase;
			buildActionMask = 2147483647;
			files = (
				80D6A4AC1977670C008E5221 /* Images.xcassets in Resources */,
				80D6A49E1977670C008E5221 /* InfoPlist.strings in Resources */,
				80D6A4A71977670C008E5221 /* Main.storyboard in Resources */,
			);
			runOnlyForDeploymentPostprocessing = 0;
		};
		80D6A4AF1977670C008E5221 /* Resources */ = {
			isa = PBXResourcesBuildPhase;
			buildActionMask = 2147483647;
			files = (
				80D6A4BD1977670C008E5221 /* InfoPlist.strings in Resources */,
			);
			runOnlyForDeploymentPostprocessing = 0;
		};
/* End PBXResourcesBuildPhase section */

/* Begin PBXSourcesBuildPhase section */
		80D6A48C1977670C008E5221 /* Sources */ = {
			isa = PBXSourcesBuildPhase;
			buildActionMask = 2147483647;
			files = (
				80D6A4AA1977670C008E5221 /* CardGameViewController.m in Sources */,
				80D6A4A41977670C008E5221 /* cardGameAppDelegate.m in Sources */,
				80D6A4A01977670C008E5221 /* main.m in Sources */,
				8052400E1977A05000717C59 /* PlayingCard.m in Sources */,
				805240141977A85D00717C59 /* PlayingCardDeck.m in Sources */,
				805240111977A59200717C59 /* Deck.m in Sources */,
				80523FC91977948200717C59 /* Card.m in Sources */,
			);
			runOnlyForDeploymentPostprocessing = 0;
		};
		80D6A4AD1977670C008E5221 /* Sources */ = {
			isa = PBXSourcesBuildPhase;
			buildActionMask = 2147483647;
			files = (
				80D6A4BF1977670C008E5221 /* Homework_1Tests.m in Sources */,
			);
			runOnlyForDeploymentPostprocessing = 0;
		};
/* End PBXSourcesBuildPhase section */

/* Begin PBXTargetDependency section */
		80D6A4B71977670C008E5221 /* PBXTargetDependency */ = {
			isa = PBXTargetDependency;
			target = 80D6A48F1977670C008E5221 /* Homework.1 */;
			targetProxy = 80D6A4B61977670C008E5221 /* PBXContainerItemProxy */;
		};
/* End PBXTargetDependency section */

/* Begin PBXVariantGroup section */
		80D6A49C1977670C008E5221 /* InfoPlist.strings */ = {
			isa = PBXVariantGroup;
			children = (
				80D6A49D1977670C008E5221 /* en */,
			);
			name = InfoPlist.strings;
			sourceTree = "<group>";
		};
		80D6A4A51977670C008E5221 /* Main.storyboard */ = {
			isa = PBXVariantGroup;
			children = (
				80D6A4A61977670C008E5221 /* Base */,
			);
			name = Main.storyboard;
			sourceTree = "<group>";
		};
		80D6A4BB1977670C008E5221 /* InfoPlist.strings */ = {
			isa = PBXVariantGroup;
			children = (
				80D6A4BC1977670C008E5221 /* en */,
			);
			name = InfoPlist.strings;
			sourceTree = "<group>";
		};
/* End PBXVariantGroup section */

/* Begin XCBuildConfiguration section */
		80D6A4C01977670C008E5221 /* Debug */ = {
			isa = XCBuildConfiguration;
			buildSettings = {
				ALWAYS_SEARCH_USER_PATHS = NO;
				CLANG_CXX_LANGUAGE_STANDARD = "gnu++0x";
				CLANG_CXX_LIBRARY = "libc++";
				CLANG_ENABLE_MODULES = YES;
				CLANG_ENABLE_OBJC_ARC = YES;
				CLANG_WARN_BOOL_CONVERSION = YES;
				CLANG_WARN_CONSTANT_CONVERSION = YES;
				CLANG_WARN_DIRECT_OBJC_ISA_USAGE = YES_ERROR;
				CLANG_WARN_EMPTY_BODY = YES;
				CLANG_WARN_ENUM_CONVERSION = YES;
				CLANG_WARN_INT_CONVERSION = YES;
				CLANG_WARN_OBJC_ROOT_CLASS = YES_ERROR;
				CLANG_WARN__DUPLICATE_METHOD_MATCH = YES;
				"CODE_SIGN_IDENTITY[sdk=iphoneos*]" = "iPhone Developer";
				COPY_PHASE_STRIP = NO;
				GCC_C_LANGUAGE_STANDARD = gnu99;
				GCC_DYNAMIC_NO_PIC = NO;
				GCC_OPTIMIZATION_LEVEL = 0;
				GCC_PREPROCESSOR_DEFINITIONS = (
					"DEBUG=1",
					"$(inherited)",
				);
				GCC_SYMBOLS_PRIVATE_EXTERN = NO;
				GCC_WARN_64_TO_32_BIT_CONVERSION = YES;
				GCC_WARN_ABOUT_RETURN_TYPE = YES_ERROR;
				GCC_WARN_UNDECLARED_SELECTOR = YES;
				GCC_WARN_UNINITIALIZED_AUTOS = YES_AGGRESSIVE;
				GCC_WARN_UNUSED_FUNCTION = YES;
				GCC_WARN_UNUSED_VARIABLE = YES;
				IPHONEOS_DEPLOYMENT_TARGET = 7.1;
				ONLY_ACTIVE_ARCH = YES;
				SDKROOT = iphoneos;
			};
			name = Debug;
		};
		80D6A4C11977670C008E5221 /* Release */ = {
			isa = XCBuildConfiguration;
			buildSettings = {
				ALWAYS_SEARCH_USER_PATHS = NO;
				CLANG_CXX_LANGUAGE_STANDARD = "gnu++0x";
				CLANG_CXX_LIBRARY = "libc++";
				CLANG_ENABLE_MODULES = YES;
				CLANG_ENABLE_OBJC_ARC = YES;
				CLANG_WARN_BOOL_CONVERSION = YES;
				CLANG_WARN_CONSTANT_CONVERSION = YES;
				CLANG_WARN_DIRECT_OBJC_ISA_USAGE = YES_ERROR;
				CLANG_WARN_EMPTY_BODY = YES;
				CLANG_WARN_ENUM_CONVERSION = YES;
				CLANG_WARN_INT_CONVERSION = YES;
				CLANG_WARN_OBJC_ROOT_CLASS = YES_ERROR;
				CLANG_WARN__DUPLICATE_METHOD_MATCH = YES;
				"CODE_SIGN_IDENTITY[sdk=iphoneos*]" = "iPhone Developer";
				COPY_PHASE_STRIP = YES;
				ENABLE_NS_ASSERTIONS = NO;
				GCC_C_LANGUAGE_STANDARD = gnu99;
				GCC_WARN_64_TO_32_BIT_CONVERSION = YES;
				GCC_WARN_ABOUT_RETURN_TYPE = YES_ERROR;
				GCC_WARN_UNDECLARED_SELECTOR = YES;
				GCC_WARN_UNINITIALIZED_AUTOS = YES_AGGRESSIVE;
				GCC_WARN_UNUSED_FUNCTION = YES;
				GCC_WARN_UNUSED_VARIABLE = YES;
				IPHONEOS_DEPLOYMENT_TARGET = 7.1;
				SDKROOT = iphoneos;
				VALIDATE_PRODUCT = YES;
			};
			name = Release;
		};
		80D6A4C31977670C008E5221 /* Debug */ = {
			isa = XCBuildConfiguration;
			buildSettings = {
				ASSETCATALOG_COMPILER_APPICON_NAME = AppIcon;
				ASSETCATALOG_COMPILER_LAUNCHIMAGE_NAME = LaunchImage;
				GCC_PRECOMPILE_PREFIX_HEADER = YES;
				GCC_PREFIX_HEADER = "Homework.1/Homework.1-Prefix.pch";
				INFOPLIST_FILE = "Homework.1/Homework.1-Info.plist";
				PRODUCT_NAME = "$(TARGET_NAME)";
				WRAPPER_EXTENSION = app;
			};
			name = Debug;
		};
		80D6A4C41977670C008E5221 /* Release */ = {
			isa = XCBuildConfiguration;
			buildSettings = {
				ASSETCATALOG_COMPILER_APPICON_NAME = AppIcon;
				ASSETCATALOG_COMPILER_LAUNCHIMAGE_NAME = LaunchImage;
				GCC_PRECOMPILE_PREFIX_HEADER = YES;
				GCC_PREFIX_HEADER = "Homework.1/Homework.1-Prefix.pch";
				INFOPLIST_FILE = "Homework.1/Homework.1-Info.plist";
				PRODUCT_NAME = "$(TARGET_NAME)";
				WRAPPER_EXTENSION = app;
			};
			name = Release;
		};
		80D6A4C61977670C008E5221 /* Debug */ = {
			isa = XCBuildConfiguration;
			buildSettings = {
				BUNDLE_LOADER = "$(BUILT_PRODUCTS_DIR)/Homework.1.app/Homework.1";
				FRAMEWORK_SEARCH_PATHS = (
					"$(SDKROOT)/Developer/Library/Frameworks",
					"$(inherited)",
					"$(DEVELOPER_FRAMEWORKS_DIR)",
				);
				GCC_PRECOMPILE_PREFIX_HEADER = YES;
				GCC_PREFIX_HEADER = "Homework.1/Homework.1-Prefix.pch";
				GCC_PREPROCESSOR_DEFINITIONS = (
					"DEBUG=1",
					"$(inherited)",
				);
				INFOPLIST_FILE = "Homework.1Tests/Homework.1Tests-Info.plist";
				PRODUCT_NAME = "$(TARGET_NAME)";
				TEST_HOST = "$(BUNDLE_LOADER)";
				WRAPPER_EXTENSION = xctest;
			};
			name = Debug;
		};
		80D6A4C71977670C008E5221 /* Release */ = {
			isa = XCBuildConfiguration;
			buildSettings = {
				BUNDLE_LOADER = "$(BUILT_PRODUCTS_DIR)/Homework.1.app/Homework.1";
				FRAMEWORK_SEARCH_PATHS = (
					"$(SDKROOT)/Developer/Library/Frameworks",
					"$(inherited)",
					"$(DEVELOPER_FRAMEWORKS_DIR)",
				);
				GCC_PRECOMPILE_PREFIX_HEADER = YES;
				GCC_PREFIX_HEADER = "Homework.1/Homework.1-Prefix.pch";
				INFOPLIST_FILE = "Homework.1Tests/Homework.1Tests-Info.plist";
				PRODUCT_NAME = "$(TARGET_NAME)";
				TEST_HOST = "$(BUNDLE_LOADER)";
				WRAPPER_EXTENSION = xctest;
			};
			name = Release;
		};
/* End XCBuildConfiguration section */

/* Begin XCConfigurationList section */
		80D6A48B1977670C008E5221 /* Build configuration list for PBXProject "Homework.1" */ = {
			isa = XCConfigurationList;
			buildConfigurations = (
				80D6A4C01977670C008E5221 /* Debug */,
				80D6A4C11977670C008E5221 /* Release */,
			);
			defaultConfigurationIsVisible = 0;
			defaultConfigurationName = Release;
		};
		80D6A4C21977670C008E5221 /* Build configuration list for PBXNativeTarget "Homework.1" */ = {
			isa = XCConfigurationList;
			buildConfigurations = (
				80D6A4C31977670C008E5221 /* Debug */,
				80D6A4C41977670C008E5221 /* Release */,
			);
			defaultConfigurationIsVisible = 0;
			defaultConfigurationName = Release;
		};
		80D6A4C51977670C008E5221 /* Build configuration list for PBXNativeTarget "Homework.1Tests" */ = {
			isa = XCConfigurationList;
			buildConfigurations = (
				80D6A4C61977670C008E5221 /* Debug */,
				80D6A4C71977670C008E5221 /* Release */,
			);
			defaultConfigurationIsVisible = 0;
			defaultConfigurationName = Release;
		};
/* End XCConfigurationList section */
	};
	rootObject = 80D6A4881977670C008E5221 /* Project object */;
}
